
Microsoft Visual Studio Solution File, Format Version 12.00
# Visual Studio Version 16
VisualStudioVersion = 16.0.30320.27
MinimumVisualStudioVersion = 10.0.40219.1
Project("{FAE04EC0-301F-11D3-BF4B-00C04F79EFBC}") = "FrentoSecCtl", "FrentoSecCtl.csproj", "{C9FE9966-BDA6-42E7-A306-342C009683D1}"
EndProject
Project("{FAE04EC0-301F-11D3-BF4B-00C04F79EFBC}") = "LaserIntFace", "..\LaserIntFace\LaserIntFace.csproj", "{4B6F674C-1BA1-4686-9D3A-7EB66D4C7997}"
EndProject
Project("{FAE04EC0-301F-11D3-BF4B-00C04F79EFBC}") = "TestProg", "..\TestProg\TestProg.csproj", "{26F6A9F6-62CA-4BEC-B7EA-A1D6715DDE93}"
EndProject
Project("{FAE04EC0-301F-11D3-BF4B-00C04F79EFBC}") = "Math", "..\MathIntFace\Math.csproj", "{68A8F1A6-5750-471B-88DE-A5B15C85398D}"
EndProject
Global
	GlobalSection(SolutionConfigurationPlatforms) = preSolution
		Debug|Any CPU = Debug|Any CPU
		Debug|x64 = Debug|x64
		Release|Any CPU = Release|Any CPU
		Release|x64 = Release|x64
	EndGlobalSection
	GlobalSection(ProjectConfigurationPlatforms) = postSolution
		{C9FE9966-BDA6-42E7-A306-342C009683D1}.Debug|Any CPU.ActiveCfg = Debug|Any CPU
		{C9FE9966-BDA6-42E7-A306-342C009683D1}.Debug|Any CPU.Build.0 = Debug|Any CPU
		{C9FE9966-BDA6-42E7-A306-342C009683D1}.Debug|x64.ActiveCfg = Debug|x64
		{C9FE9966-BDA6-42E7-A306-342C009683D1}.Debug|x64.Build.0 = Debug|x64
		{C9FE9966-BDA6-42E7-A306-342C009683D1}.Release|Any CPU.ActiveCfg = Release|Any CPU
		{C9FE9966-BDA6-42E7-A306-342C009683D1}.Release|Any CPU.Build.0 = Release|Any CPU
		{C9FE9966-BDA6-42E7-A306-342C009683D1}.Release|x64.ActiveCfg = Release|x64
		{C9FE9966-BDA6-42E7-A306-342C009683D1}.Release|x64.Build.0 = Release|x64
		{4B6F674C-1BA1-4686-9D3A-7EB66D4C7997}.Debug|Any CPU.ActiveCfg = Debug|Any CPU
		{4B6F674C-1BA1-4686-9D3A-7EB66D4C7997}.Debug|Any CPU.Build.0 = Debug|Any CPU
		{4B6F674C-1BA1-4686-9D3A-7EB66D4C7997}.Debug|x64.ActiveCfg = Debug|x64
		{4B6F674C-1BA1-4686-9D3A-7EB66D4C7997}.Debug|x64.Build.0 = Debug|x64
		{4B6F674C-1BA1-4686-9D3A-7EB66D4C7997}.Release|Any CPU.ActiveCfg = Release|Any CPU
		{4B6F674C-1BA1-4686-9D3A-7EB66D4C7997}.Release|Any CPU.Build.0 = Release|Any CPU
		{4B6F674C-1BA1-4686-9D3A-7EB66D4C7997}.Release|x64.ActiveCfg = Release|x64
		{4B6F674C-1BA1-4686-9D3A-7EB66D4C7997}.Release|x64.Build.0 = Release|x64
		{26F6A9F6-62CA-4BEC-B7EA-A1D6715DDE93}.Debug|Any CPU.ActiveCfg = Debug|Any CPU
		{26F6A9F6-62CA-4BEC-B7EA-A1D6715DDE93}.Debug|Any CPU.Build.0 = Debug|Any CPU
		{26F6A9F6-62CA-4BEC-B7EA-A1D6715DDE93}.Debug|x64.ActiveCfg = Debug|Any CPU
		{26F6A9F6-62CA-4BEC-B7EA-A1D6715DDE93}.Debug|x64.Build.0 = Debug|Any CPU
		{26F6A9F6-62CA-4BEC-B7EA-A1D6715DDE93}.Release|Any CPU.ActiveCfg = Release|Any CPU
		{26F6A9F6-62CA-4BEC-B7EA-A1D6715DDE93}.Release|Any CPU.Build.0 = Release|Any CPU
		{26F6A9F6-62CA-4BEC-B7EA-A1D6715DDE93}.Release|x64.ActiveCfg = Release|Any CPU
		{26F6A9F6-62CA-4BEC-B7EA-A1D6715DDE93}.Release|x64.Build.0 = Release|Any CPU
		{68A8F1A6-5750-471B-88DE-A5B15C85398D}.Debug|Any CPU.ActiveCfg = Debug|Any CPU
		{68A8F1A6-5750-471B-88DE-A5B15C85398D}.Debug|Any CPU.Build.0 = Debug|Any CPU
		{68A8F1A6-5750-471B-88DE-A5B15C85398D}.Debug|x64.ActiveCfg = Debug|Any CPU
		{68A8F1A6-5750-471B-88DE-A5B15C85398D}.Debug|x64.Build.0 = Debug|Any CPU
		{68A8F1A6-5750-471B-88DE-A5B15C85398D}.Release|Any CPU.ActiveCfg = Release|Any CPU
		{68A8F1A6-5750-471B-88DE-A5B15C85398D}.Release|Any CPU.Build.0 = Release|Any CPU
		{68A8F1A6-5750-471B-88DE-A5B15C85398D}.Release|x64.ActiveCfg = Release|Any CPU
		{68A8F1A6-5750-471B-88DE-A5B15C85398D}.Release|x64.Build.0 = Release|Any CPU
	EndGlobalSection
	GlobalSection(SolutionProperties) = preSolution
		HideSolutionNode = FALSE
	EndGlobalSection
	GlobalSection(ExtensibilityGlobals) = postSolution
		SolutionGuid = {BA5A3A34-9FF9-4E26-B5FF-F33BFE101912}
	EndGlobalSection
EndGlobal
